
Microsoft Visual Studio Solution File, Format Version 12.00
Project("{FAE04EC0-301F-11D3-BF4B-00C04F79EFBC}") = "JobHuntApi", "JobHuntApi\JobHuntApi.csproj", "{EAEF77E7-9B92-4FF6-9117-12BE8F27D2C8}"
EndProject
Global
	GlobalSection(SolutionConfigurationPlatforms) = preSolution
		Debug|Any CPU = Debug|Any CPU
		Release|Any CPU = Release|Any CPU
	EndGlobalSection
	GlobalSection(ProjectConfigurationPlatforms) = postSolution
		{EAEF77E7-9B92-4FF6-9117-12BE8F27D2C8}.Debug|Any CPU.ActiveCfg = Debug|Any CPU
		{EAEF77E7-9B92-4FF6-9117-12BE8F27D2C8}.Debug|Any CPU.Build.0 = Debug|Any CPU
		{EAEF77E7-9B92-4FF6-9117-12BE8F27D2C8}.Release|Any CPU.ActiveCfg = Release|Any CPU
		{EAEF77E7-9B92-4FF6-9117-12BE8F27D2C8}.Release|Any CPU.Build.0 = Release|Any CPU
	EndGlobalSection
EndGlobal
